
Microsoft Visual Studio Solution File, Format Version 12.00
# Visual Studio Version 17
VisualStudioVersion = 17.7.34031.279
MinimumVisualStudioVersion = 10.0.40219.1
Project("{FAE04EC0-301F-11D3-BF4B-00C04F79EFBC}") = "0403", "0403\0403.csproj", "{B51BF6BB-DB63-4534-ADF6-3E8AE64816CE}"
EndProject
Project("{FAE04EC0-301F-11D3-BF4B-00C04F79EFBC}") = "0403_2", "0403_2\0403_2.csproj", "{66949C7D-6B21-4B77-848C-9F7F92C80870}"
EndProject
Global
	GlobalSection(SolutionConfigurationPlatforms) = preSolution
		Debug|Any CPU = Debug|Any CPU
		Release|Any CPU = Release|Any CPU
	EndGlobalSection
	GlobalSection(ProjectConfigurationPlatforms) = postSolution
		{B51BF6BB-DB63-4534-ADF6-3E8AE64816CE}.Debug|Any CPU.ActiveCfg = Debug|Any CPU
		{B51BF6BB-DB63-4534-ADF6-3E8AE64816CE}.Debug|Any CPU.Build.0 = Debug|Any CPU
		{B51BF6BB-DB63-4534-ADF6-3E8AE64816CE}.Release|Any CPU.ActiveCfg = Release|Any CPU
		{B51BF6BB-DB63-4534-ADF6-3E8AE64816CE}.Release|Any CPU.Build.0 = Release|Any CPU
		{66949C7D-6B21-4B77-848C-9F7F92C80870}.Debug|Any CPU.ActiveCfg = Debug|Any CPU
		{66949C7D-6B21-4B77-848C-9F7F92C80870}.Debug|Any CPU.Build.0 = Debug|Any CPU
		{66949C7D-6B21-4B77-848C-9F7F92C80870}.Release|Any CPU.ActiveCfg = Release|Any CPU
		{66949C7D-6B21-4B77-848C-9F7F92C80870}.Release|Any CPU.Build.0 = Release|Any CPU
	EndGlobalSection
	GlobalSection(SolutionProperties) = preSolution
		HideSolutionNode = FALSE
	EndGlobalSection
	GlobalSection(ExtensibilityGlobals) = postSolution
		SolutionGuid = {2C229432-62C4-456C-88D4-D66CF154DD21}
	EndGlobalSection
EndGlobal
