
Microsoft Visual Studio Solution File, Format Version 12.00
# Visual Studio Version 17
VisualStudioVersion = 17.7.34031.279
MinimumVisualStudioVersion = 10.0.40219.1
Project("{FAE04EC0-301F-11D3-BF4B-00C04F79EFBC}") = "0306_2", "0306_2\0306_2.csproj", "{B890FFDC-D44C-4CAD-806C-341285CE039F}"
EndProject
Global
	GlobalSection(SolutionConfigurationPlatforms) = preSolution
		Debug|Any CPU = Debug|Any CPU
		Release|Any CPU = Release|Any CPU
	EndGlobalSection
	GlobalSection(ProjectConfigurationPlatforms) = postSolution
		{B890FFDC-D44C-4CAD-806C-341285CE039F}.Debug|Any CPU.ActiveCfg = Debug|Any CPU
		{B890FFDC-D44C-4CAD-806C-341285CE039F}.Debug|Any CPU.Build.0 = Debug|Any CPU
		{B890FFDC-D44C-4CAD-806C-341285CE039F}.Release|Any CPU.ActiveCfg = Release|Any CPU
		{B890FFDC-D44C-4CAD-806C-341285CE039F}.Release|Any CPU.Build.0 = Release|Any CPU
	EndGlobalSection
	GlobalSection(SolutionProperties) = preSolution
		HideSolutionNode = FALSE
	EndGlobalSection
	GlobalSection(ExtensibilityGlobals) = postSolution
		SolutionGuid = {D465083E-9EDD-49F6-9259-8A4BF051D9AC}
	EndGlobalSection
EndGlobal
