
Microsoft Visual Studio Solution File, Format Version 12.00
# Visual Studio Version 17
VisualStudioVersion = 17.7.34031.279
MinimumVisualStudioVersion = 10.0.40219.1
Project("{FAE04EC0-301F-11D3-BF4B-00C04F79EFBC}") = "0227", "0227\0227.csproj", "{DF9BA230-0D2F-4FD4-BE50-908AD067672D}"
EndProject
Project("{FAE04EC0-301F-11D3-BF4B-00C04F79EFBC}") = "Point", "Point\Point.csproj", "{2A30D579-E279-4844-8A3B-4BE8BF0F5E69}"
EndProject
Project("{FAE04EC0-301F-11D3-BF4B-00C04F79EFBC}") = "Bars", "Bars\Bars.csproj", "{EDB08F33-F31C-4ADA-8798-3D037F572A50}"
EndProject
Global
	GlobalSection(SolutionConfigurationPlatforms) = preSolution
		Debug|Any CPU = Debug|Any CPU
		Release|Any CPU = Release|Any CPU
	EndGlobalSection
	GlobalSection(ProjectConfigurationPlatforms) = postSolution
		{DF9BA230-0D2F-4FD4-BE50-908AD067672D}.Debug|Any CPU.ActiveCfg = Debug|Any CPU
		{DF9BA230-0D2F-4FD4-BE50-908AD067672D}.Debug|Any CPU.Build.0 = Debug|Any CPU
		{DF9BA230-0D2F-4FD4-BE50-908AD067672D}.Release|Any CPU.ActiveCfg = Release|Any CPU
		{DF9BA230-0D2F-4FD4-BE50-908AD067672D}.Release|Any CPU.Build.0 = Release|Any CPU
		{2A30D579-E279-4844-8A3B-4BE8BF0F5E69}.Debug|Any CPU.ActiveCfg = Debug|Any CPU
		{2A30D579-E279-4844-8A3B-4BE8BF0F5E69}.Debug|Any CPU.Build.0 = Debug|Any CPU
		{2A30D579-E279-4844-8A3B-4BE8BF0F5E69}.Release|Any CPU.ActiveCfg = Release|Any CPU
		{2A30D579-E279-4844-8A3B-4BE8BF0F5E69}.Release|Any CPU.Build.0 = Release|Any CPU
		{EDB08F33-F31C-4ADA-8798-3D037F572A50}.Debug|Any CPU.ActiveCfg = Debug|Any CPU
		{EDB08F33-F31C-4ADA-8798-3D037F572A50}.Debug|Any CPU.Build.0 = Debug|Any CPU
		{EDB08F33-F31C-4ADA-8798-3D037F572A50}.Release|Any CPU.ActiveCfg = Release|Any CPU
		{EDB08F33-F31C-4ADA-8798-3D037F572A50}.Release|Any CPU.Build.0 = Release|Any CPU
	EndGlobalSection
	GlobalSection(SolutionProperties) = preSolution
		HideSolutionNode = FALSE
	EndGlobalSection
	GlobalSection(ExtensibilityGlobals) = postSolution
		SolutionGuid = {30DF8C30-E9B6-4076-B710-72D3918C9AC5}
	EndGlobalSection
EndGlobal
