
Microsoft Visual Studio Solution File, Format Version 12.00
# Visual Studio Version 17
VisualStudioVersion = 17.7.34031.279
MinimumVisualStudioVersion = 10.0.40219.1
Project("{FAE04EC0-301F-11D3-BF4B-00C04F79EFBC}") = "0410", "0410\0410.csproj", "{FF733336-65EA-49F1-BAF7-88BBE9ED8F39}"
EndProject
Global
	GlobalSection(SolutionConfigurationPlatforms) = preSolution
		Debug|Any CPU = Debug|Any CPU
		Release|Any CPU = Release|Any CPU
	EndGlobalSection
	GlobalSection(ProjectConfigurationPlatforms) = postSolution
		{FF733336-65EA-49F1-BAF7-88BBE9ED8F39}.Debug|Any CPU.ActiveCfg = Debug|Any CPU
		{FF733336-65EA-49F1-BAF7-88BBE9ED8F39}.Debug|Any CPU.Build.0 = Debug|Any CPU
		{FF733336-65EA-49F1-BAF7-88BBE9ED8F39}.Release|Any CPU.ActiveCfg = Release|Any CPU
		{FF733336-65EA-49F1-BAF7-88BBE9ED8F39}.Release|Any CPU.Build.0 = Release|Any CPU
	EndGlobalSection
	GlobalSection(SolutionProperties) = preSolution
		HideSolutionNode = FALSE
	EndGlobalSection
	GlobalSection(ExtensibilityGlobals) = postSolution
		SolutionGuid = {7C05B61E-2134-482F-9EB7-41ECCA665245}
	EndGlobalSection
EndGlobal
