
Microsoft Visual Studio Solution File, Format Version 12.00
# Visual Studio Version 17
VisualStudioVersion = 17.7.34031.279
MinimumVisualStudioVersion = 10.0.40219.1
Project("{FAE04EC0-301F-11D3-BF4B-00C04F79EFBC}") = "0522", "0522\0522.csproj", "{38B194C8-9B24-47D7-B79F-48B3577F76CC}"
EndProject
Global
	GlobalSection(SolutionConfigurationPlatforms) = preSolution
		Debug|Any CPU = Debug|Any CPU
		Release|Any CPU = Release|Any CPU
	EndGlobalSection
	GlobalSection(ProjectConfigurationPlatforms) = postSolution
		{38B194C8-9B24-47D7-B79F-48B3577F76CC}.Debug|Any CPU.ActiveCfg = Debug|Any CPU
		{38B194C8-9B24-47D7-B79F-48B3577F76CC}.Debug|Any CPU.Build.0 = Debug|Any CPU
		{38B194C8-9B24-47D7-B79F-48B3577F76CC}.Release|Any CPU.ActiveCfg = Release|Any CPU
		{38B194C8-9B24-47D7-B79F-48B3577F76CC}.Release|Any CPU.Build.0 = Release|Any CPU
	EndGlobalSection
	GlobalSection(SolutionProperties) = preSolution
		HideSolutionNode = FALSE
	EndGlobalSection
	GlobalSection(ExtensibilityGlobals) = postSolution
		SolutionGuid = {C0778D49-8789-45D7-ADE3-20C7D8281C3E}
	EndGlobalSection
EndGlobal
