
Microsoft Visual Studio Solution File, Format Version 12.00
# Visual Studio Version 17
VisualStudioVersion = 17.7.34031.279
MinimumVisualStudioVersion = 10.0.40219.1
Project("{FAE04EC0-301F-11D3-BF4B-00C04F79EFBC}") = "0306", "0306\0306.csproj", "{8E3297D3-F2B8-4B16-A796-F8A17B41E9E2}"
EndProject
Global
	GlobalSection(SolutionConfigurationPlatforms) = preSolution
		Debug|Any CPU = Debug|Any CPU
		Release|Any CPU = Release|Any CPU
	EndGlobalSection
	GlobalSection(ProjectConfigurationPlatforms) = postSolution
		{8E3297D3-F2B8-4B16-A796-F8A17B41E9E2}.Debug|Any CPU.ActiveCfg = Debug|Any CPU
		{8E3297D3-F2B8-4B16-A796-F8A17B41E9E2}.Debug|Any CPU.Build.0 = Debug|Any CPU
		{8E3297D3-F2B8-4B16-A796-F8A17B41E9E2}.Release|Any CPU.ActiveCfg = Release|Any CPU
		{8E3297D3-F2B8-4B16-A796-F8A17B41E9E2}.Release|Any CPU.Build.0 = Release|Any CPU
	EndGlobalSection
	GlobalSection(SolutionProperties) = preSolution
		HideSolutionNode = FALSE
	EndGlobalSection
	GlobalSection(ExtensibilityGlobals) = postSolution
		SolutionGuid = {88928BA3-BE55-4F1B-9262-CCA4E92E92BE}
	EndGlobalSection
EndGlobal
