
Microsoft Visual Studio Solution File, Format Version 12.00
# Visual Studio Version 17
VisualStudioVersion = 17.7.34031.279
MinimumVisualStudioVersion = 10.0.40219.1
Project("{FAE04EC0-301F-11D3-BF4B-00C04F79EFBC}") = "0313", "0313\0313.csproj", "{B9D2AD42-62CB-4C08-8F79-BE2EDD3767E8}"
EndProject
Global
	GlobalSection(SolutionConfigurationPlatforms) = preSolution
		Debug|Any CPU = Debug|Any CPU
		Release|Any CPU = Release|Any CPU
	EndGlobalSection
	GlobalSection(ProjectConfigurationPlatforms) = postSolution
		{B9D2AD42-62CB-4C08-8F79-BE2EDD3767E8}.Debug|Any CPU.ActiveCfg = Debug|Any CPU
		{B9D2AD42-62CB-4C08-8F79-BE2EDD3767E8}.Debug|Any CPU.Build.0 = Debug|Any CPU
		{B9D2AD42-62CB-4C08-8F79-BE2EDD3767E8}.Release|Any CPU.ActiveCfg = Release|Any CPU
		{B9D2AD42-62CB-4C08-8F79-BE2EDD3767E8}.Release|Any CPU.Build.0 = Release|Any CPU
	EndGlobalSection
	GlobalSection(SolutionProperties) = preSolution
		HideSolutionNode = FALSE
	EndGlobalSection
	GlobalSection(ExtensibilityGlobals) = postSolution
		SolutionGuid = {69527450-435A-4011-AC35-4FA5D1228237}
	EndGlobalSection
EndGlobal
