
Microsoft Visual Studio Solution File, Format Version 12.00
# Visual Studio Version 17
VisualStudioVersion = 17.5.33424.131
MinimumVisualStudioVersion = 10.0.40219.1
Project("{9A19103F-16F7-4668-BE54-9A1E7A4F7556}") = "0328", "0328\0328.csproj", "{CDAFAED7-ABB9-4CC1-8F20-2B5766A44393}"
EndProject
Project("{9A19103F-16F7-4668-BE54-9A1E7A4F7556}") = "0328Tests", "0328Tests\0328Tests.csproj", "{F71762C1-1BED-4C11-B954-70C90063D4A1}"
EndProject
Global
	GlobalSection(SolutionConfigurationPlatforms) = preSolution
		Debug|Any CPU = Debug|Any CPU
		Release|Any CPU = Release|Any CPU
	EndGlobalSection
	GlobalSection(ProjectConfigurationPlatforms) = postSolution
		{CDAFAED7-ABB9-4CC1-8F20-2B5766A44393}.Debug|Any CPU.ActiveCfg = Debug|Any CPU
		{CDAFAED7-ABB9-4CC1-8F20-2B5766A44393}.Debug|Any CPU.Build.0 = Debug|Any CPU
		{CDAFAED7-ABB9-4CC1-8F20-2B5766A44393}.Release|Any CPU.ActiveCfg = Release|Any CPU
		{CDAFAED7-ABB9-4CC1-8F20-2B5766A44393}.Release|Any CPU.Build.0 = Release|Any CPU
		{F71762C1-1BED-4C11-B954-70C90063D4A1}.Debug|Any CPU.ActiveCfg = Debug|Any CPU
		{F71762C1-1BED-4C11-B954-70C90063D4A1}.Debug|Any CPU.Build.0 = Debug|Any CPU
		{F71762C1-1BED-4C11-B954-70C90063D4A1}.Release|Any CPU.ActiveCfg = Release|Any CPU
		{F71762C1-1BED-4C11-B954-70C90063D4A1}.Release|Any CPU.Build.0 = Release|Any CPU
	EndGlobalSection
	GlobalSection(SolutionProperties) = preSolution
		HideSolutionNode = FALSE
	EndGlobalSection
	GlobalSection(ExtensibilityGlobals) = postSolution
		SolutionGuid = {746C9480-79F9-47BE-917F-FC4DDB7E7330}
	EndGlobalSection
EndGlobal
